// !$*UTF8*$!
{
	archiveVersion = 1;
	classes = {
	};
	objectVersion = 46;
	objects = {

/* Begin PBXBuildFile section */
		2FB1857B1F1B272400CAF2FF /* RCTQuickLook.m in Sources */ = {isa = PBXBuildFile; fileRef = 2FB185781F1B272400CAF2FF /* RCTQuickLook.m */; };
		2FB1857C1F1B272400CAF2FF /* RCTQuickLookContentView.m in Sources */ = {isa = PBXBuildFile; fileRef = 2FB1857A1F1B272400CAF2FF /* RCTQuickLookContentView.m */; };
/* End PBXBuildFile section */

/* Begin PBXCopyFilesBuildPhase section */
		2F1382701F0E344300A7398E /* CopyFiles */ = {
			isa = PBXCopyFilesBuildPhase;
			buildActionMask = 2147483647;
			dstPath = "include/$(PRODUCT_NAME)";
			dstSubfolderSpec = 16;
			files = (
			);
			runOnlyForDeploymentPostprocessing = 0;
		};
/* End PBXCopyFilesBuildPhase section */

/* Begin PBXFileReference section */
		2F1382721F0E344300A7398E /* libRCTQuickLookView.a */ = {isa = PBXFileReference; explicitFileType = archive.ar; includeInIndex = 0; path = libRCTQuickLookView.a; sourceTree = BUILT_PRODUCTS_DIR; };
		2FB185771F1B272400CAF2FF /* RCTQuickLook.h */ = {isa = PBXFileReference; fileEncoding = 4; lastKnownFileType = sourcecode.c.h; path = RCTQuickLook.h; sourceTree = "<group>"; };
		2FB185781F1B272400CAF2FF /* RCTQuickLook.m */ = {isa = PBXFileReference; fileEncoding = 4; lastKnownFileType = sourcecode.c.objc; path = RCTQuickLook.m; sourceTree = "<group>"; };
		2FB185791F1B272400CAF2FF /* RCTQuickLookContentView.h */ = {isa = PBXFileReference; fileEncoding = 4; lastKnownFileType = sourcecode.c.h; path = RCTQuickLookContentView.h; sourceTree = "<group>"; };
		2FB1857A1F1B272400CAF2FF /* RCTQuickLookContentView.m */ = {isa = PBXFileReference; fileEncoding = 4; lastKnownFileType = sourcecode.c.objc; path = RCTQuickLookContentView.m; sourceTree = "<group>"; };
/* End PBXFileReference section */

/* Begin PBXFrameworksBuildPhase section */
		2F13826F1F0E344300A7398E /* Frameworks */ = {
			isa = PBXFrameworksBuildPhase;
			buildActionMask = 2147483647;
			files = (
			);
			runOnlyForDeploymentPostprocessing = 0;
		};
/* End PBXFrameworksBuildPhase section */

/* Begin PBXGroup section */
		2F1382691F0E344300A7398E = {
			isa = PBXGroup;
			children = (
				2F1382741F0E344300A7398E /* RCTQuickLookView */,
				2F1382731F0E344300A7398E /* Products */,
			);
			sourceTree = "<group>";
		};
		2F1382731F0E344300A7398E /* Products */ = {
			isa = PBXGroup;
			children = (
				2F1382721F0E344300A7398E /* libRCTQuickLookView.a */,
			);
			name = Products;
			sourceTree = "<group>";
		};
		2F1382741F0E344300A7398E /* RCTQuickLookView */ = {
			isa = PBXGroup;
			children = (
				2FB185771F1B272400CAF2FF /* RCTQuickLook.h */,
				2FB185781F1B272400CAF2FF /* RCTQuickLook.m */,
				2FB185791F1B272400CAF2FF /* RCTQuickLookContentView.h */,
				2FB1857A1F1B272400CAF2FF /* RCTQuickLookContentView.m */,
			);
			path = RCTQuickLookView;
			sourceTree = "<group>";
		};
/* End PBXGroup section */

/* Begin PBXNativeTarget section */
		2F1382711F0E344300A7398E /* RCTQuickLookView */ = {
			isa = PBXNativeTarget;
			buildConfigurationList = 2F13827B1F0E344300A7398E /* Build configuration list for PBXNativeTarget "RCTQuickLookView" */;
			buildPhases = (
				2F13826E1F0E344300A7398E /* Sources */,
				2F13826F1F0E344300A7398E /* Frameworks */,
				2F1382701F0E344300A7398E /* CopyFiles */,
			);
			buildRules = (
			);
			dependencies = (
			);
			name = RCTQuickLookView;
			productName = RCTQuickLookView;
			productReference = 2F1382721F0E344300A7398E /* libRCTQuickLookView.a */;
			productType = "com.apple.product-type.library.static";
		};
/* End PBXNativeTarget section */

/* Begin PBXProject section */
		2F13826A1F0E344300A7398E /* Project object */ = {
			isa = PBXProject;
			attributes = {
				LastUpgradeCheck = 0830;
				ORGANIZATIONNAME = RuweiLi;
				TargetAttributes = {
					2F1382711F0E344300A7398E = {
						CreatedOnToolsVersion = 8.3.3;
						ProvisioningStyle = Automatic;
					};
				};
			};
			buildConfigurationList = 2F13826D1F0E344300A7398E /* Build configuration list for PBXProject "RCTQuickLookView" */;
			compatibilityVersion = "Xcode 3.2";
			developmentRegion = English;
			hasScannedForEncodings = 0;
			knownRegions = (
				en,
			);
			mainGroup = 2F1382691F0E344300A7398E;
			productRefGroup = 2F1382731F0E344300A7398E /* Products */;
			projectDirPath = "";
			projectRoot = "";
			targets = (
				2F1382711F0E344300A7398E /* RCTQuickLookView */,
			);
		};
/* End PBXProject section */

/* Begin PBXSourcesBuildPhase section */
		2F13826E1F0E344300A7398E /* Sources */ = {
			isa = PBXSourcesBuildPhase;
			buildActionMask = 2147483647;
			files = (
				2FB1857B1F1B272400CAF2FF /* RCTQuickLook.m in Sources */,
				2FB1857C1F1B272400CAF2FF /* RCTQuickLookContentView.m in Sources */,
			);
			runOnlyForDeploymentPostprocessing = 0;
		};
/* End PBXSourcesBuildPhase section */

/* Begin XCBuildConfiguration section */
		2F1382791F0E344300A7398E /* Debug */ = {
			isa = XCBuildConfiguration;
			buildSettings = {
				ALWAYS_SEARCH_USER_PATHS = NO;
				CLANG_ANALYZER_NONNULL = YES;
				CLANG_ANALYZER_NUMBER_OBJECT_CONVERSION = YES_AGGRESSIVE;
				CLANG_CXX_LANGUAGE_STANDARD = "gnu++0x";
				CLANG_CXX_LIBRARY = "libc++";
				CLANG_ENABLE_MODULES = YES;
				CLANG_ENABLE_OBJC_ARC = YES;
				CLANG_WARN_BOOL_CONVERSION = YES;
				CLANG_WARN_CONSTANT_CONVERSION = YES;
				CLANG_WARN_DIRECT_OBJC_ISA_USAGE = YES_ERROR;
				CLANG_WARN_DOCUMENTATION_COMMENTS = YES;
				CLANG_WARN_EMPTY_BODY = YES;
				CLANG_WARN_ENUM_CONVERSION = YES;
				CLANG_WARN_INFINITE_RECURSION = YES;
				CLANG_WARN_INT_CONVERSION = YES;
				CLANG_WARN_OBJC_ROOT_CLASS = YES_ERROR;
				CLANG_WARN_SUSPICIOUS_MOVE = YES;
				CLANG_WARN_UNREACHABLE_CODE = YES;
				CLANG_WARN__DUPLICATE_METHOD_MATCH = YES;
				"CODE_SIGN_IDENTITY[sdk=iphoneos*]" = "iPhone Developer";
				COPY_PHASE_STRIP = NO;
				DEBUG_INFORMATION_FORMAT = dwarf;
				ENABLE_STRICT_OBJC_MSGSEND = YES;
				ENABLE_TESTABILITY = YES;
				GCC_C_LANGUAGE_STANDARD = gnu99;
				GCC_DYNAMIC_NO_PIC = NO;
				GCC_NO_COMMON_BLOCKS = YES;
				GCC_OPTIMIZATION_LEVEL = 0;
				GCC_PREPROCESSOR_DEFINITIONS = (
					"DEBUG=1",
					"$(inherited)",
				);
				GCC_WARN_64_TO_32_BIT_CONVERSION = YES;
				GCC_WARN_ABOUT_RETURN_TYPE = YES_ERROR;
				GCC_WARN_UNDECLARED_SELECTOR = YES;
				GCC_WARN_UNINITIALIZED_AUTOS = YES_AGGRESSIVE;
				GCC_WARN_UNUSED_FUNCTION = YES;
				GCC_WARN_UNUSED_VARIABLE = YES;
				IPHONEOS_DEPLOYMENT_TARGET = 10.3;
				MTL_ENABLE_DEBUG_INFO = YES;
				ONLY_ACTIVE_ARCH = YES;
				SDKROOT = iphoneos;
			};
			name = Debug;
		};
		2F13827A1F0E344300A7398E /* Release */ = {
			isa = XCBuildConfiguration;
			buildSettings = {
				ALWAYS_SEARCH_USER_PATHS = NO;
				CLANG_ANALYZER_NONNULL = YES;
				CLANG_ANALYZER_NUMBER_OBJECT_CONVERSION = YES_AGGRESSIVE;
				CLANG_CXX_LANGUAGE_STANDARD = "gnu++0x";
				CLANG_CXX_LIBRARY = "libc++";
				CLANG_ENABLE_MODULES = YES;
				CLANG_ENABLE_OBJC_ARC = YES;
				CLANG_WARN_BOOL_CONVERSION = YES;
				CLANG_WARN_CONSTANT_CONVERSION = YES;
				CLANG_WARN_DIRECT_OBJC_ISA_USAGE = YES_ERROR;
				CLANG_WARN_DOCUMENTATION_COMMENTS = YES;
				CLANG_WARN_EMPTY_BODY = YES;
				CLANG_WARN_ENUM_CONVERSION = YES;
				CLANG_WARN_INFINITE_RECURSION = YES;
				CLANG_WARN_INT_CONVERSION = YES;
				CLANG_WARN_OBJC_ROOT_CLASS = YES_ERROR;
				CLANG_WARN_SUSPICIOUS_MOVE = YES;
				CLANG_WARN_UNREACHABLE_CODE = YES;
				CLANG_WARN__DUPLICATE_METHOD_MATCH = YES;
				"CODE_SIGN_IDENTITY[sdk=iphoneos*]" = "iPhone Developer";
				COPY_PHASE_STRIP = NO;
				DEBUG_INFORMATION_FORMAT = "dwarf-with-dsym";
				ENABLE_NS_ASSERTIONS = NO;
				ENABLE_STRICT_OBJC_MSGSEND = YES;
				GCC_C_LANGUAGE_STANDARD = gnu99;
				GCC_NO_COMMON_BLOCKS = YES;
				GCC_WARN_64_TO_32_BIT_CONVERSION = YES;
				GCC_WARN_ABOUT_RETURN_TYPE = YES_ERROR;
				GCC_WARN_UNDECLARED_SELECTOR = YES;
				GCC_WARN_UNINITIALIZED_AUTOS = YES_AGGRESSIVE;
				GCC_WARN_UNUSED_FUNCTION = YES;
				GCC_WARN_UNUSED_VARIABLE = YES;
				IPHONEOS_DEPLOYMENT_TARGET = 10.3;
				MTL_ENABLE_DEBUG_INFO = NO;
				SDKROOT = iphoneos;
				VALIDATE_PRODUCT = YES;
			};
			name = Release;
		};
		2F13827C1F0E344300A7398E /* Debug */ = {
			isa = XCBuildConfiguration;
			buildSettings = {
				OTHER_LDFLAGS = "-ObjC";
				PRODUCT_NAME = "$(TARGET_NAME)";
				SKIP_INSTALL = YES;
			};
			name = Debug;
		};
		2F13827D1F0E344300A7398E /* Release */ = {
			isa = XCBuildConfiguration;
			buildSettings = {
				OTHER_LDFLAGS = "-ObjC";
				PRODUCT_NAME = "$(TARGET_NAME)";
				SKIP_INSTALL = YES;
			};
			name = Release;
		};
/* End XCBuildConfiguration section */

/* Begin XCConfigurationList section */
		2F13826D1F0E344300A7398E /* Build configuration list for PBXProject "RCTQuickLookView" */ = {
			isa = XCConfigurationList;
			buildConfigurations = (
				2F1382791F0E344300A7398E /* Debug */,
				2F13827A1F0E344300A7398E /* Release */,
			);
			defaultConfigurationIsVisible = 0;
			defaultConfigurationName = Release;
		};
		2F13827B1F0E344300A7398E /* Build configuration list for PBXNativeTarget "RCTQuickLookView" */ = {
			isa = XCConfigurationList;
			buildConfigurations = (
				2F13827C1F0E344300A7398E /* Debug */,
				2F13827D1F0E344300A7398E /* Release */,
			);
			defaultConfigurationIsVisible = 0;
			defaultConfigurationName = Release;
		};
/* End XCConfigurationList section */
	};
	rootObject = 2F13826A1F0E344300A7398E /* Project object */;
}
